
Microsoft Visual Studio Solution File, Format Version 12.00
# Visual Studio Version 16
VisualStudioVersion = 16.0.30204.135
MinimumVisualStudioVersion = 10.0.40219.1
Project("{9092AA53-FB77-4645-B42D-1CCCA6BD08BD}") = "ALSQ@", "ALSQ@\ALSQ@.njsproj", "{8E6F77CD-272D-44F0-89DE-96977D50377F}"
EndProject
Global
	GlobalSection(SolutionConfigurationPlatforms) = preSolution
		Debug|Any CPU = Debug|Any CPU
		Release|Any CPU = Release|Any CPU
	EndGlobalSection
	GlobalSection(ProjectConfigurationPlatforms) = postSolution
		{8E6F77CD-272D-44F0-89DE-96977D50377F}.Debug|Any CPU.ActiveCfg = Debug|Any CPU
		{8E6F77CD-272D-44F0-89DE-96977D50377F}.Debug|Any CPU.Build.0 = Debug|Any CPU
		{8E6F77CD-272D-44F0-89DE-96977D50377F}.Release|Any CPU.ActiveCfg = Release|Any CPU
		{8E6F77CD-272D-44F0-89DE-96977D50377F}.Release|Any CPU.Build.0 = Release|Any CPU
	EndGlobalSection
	GlobalSection(SolutionProperties) = preSolution
		HideSolutionNode = FALSE
	EndGlobalSection
	GlobalSection(ExtensibilityGlobals) = postSolution
		SolutionGuid = {35C734F9-366F-44AC-A78C-5F60F060E44C}
	EndGlobalSection
EndGlobal
